
Microsoft Visual Studio Solution File, Format Version 12.00
# Visual Studio Version 17
VisualStudioVersion = 17.14.36414.22 d17.14
MinimumVisualStudioVersion = 10.0.40219.1
Project("{FAE04EC0-301F-11D3-BF4B-00C04F79EFBC}") = "StringTool", "StringTool\StringTool.csproj", "{AA2E9689-543B-4210-8F5B-6FBB80912308}"
EndProject
Global
	GlobalSection(SolutionConfigurationPlatforms) = preSolution
		Debug|Any CPU = Debug|Any CPU
		Release|Any CPU = Release|Any CPU
	EndGlobalSection
	GlobalSection(ProjectConfigurationPlatforms) = postSolution
		{AA2E9689-543B-4210-8F5B-6FBB80912308}.Debug|Any CPU.ActiveCfg = Debug|Any CPU
		{AA2E9689-543B-4210-8F5B-6FBB80912308}.Debug|Any CPU.Build.0 = Debug|Any CPU
		{AA2E9689-543B-4210-8F5B-6FBB80912308}.Release|Any CPU.ActiveCfg = Release|Any CPU
		{AA2E9689-543B-4210-8F5B-6FBB80912308}.Release|Any CPU.Build.0 = Release|Any CPU
	EndGlobalSection
	GlobalSection(SolutionProperties) = preSolution
		HideSolutionNode = FALSE
	EndGlobalSection
	GlobalSection(ExtensibilityGlobals) = postSolution
		SolutionGuid = {C92406AE-5218-45B3-90E4-6F639197A21A}
	EndGlobalSection
EndGlobal
